// !$*UTF8*$!
{
	archiveVersion = 1;
	classes = {
	};
	objectVersion = 48;
	objects = {

/* Begin PBXBuildFile section */
		BE7B1BC21FA21FAF00B38F74 /* AppDelegate.swift in Sources */ = {isa = PBXBuildFile; fileRef = BE7B1BC11FA21FAF00B38F74 /* AppDelegate.swift */; };
		BE7B1BC41FA21FAF00B38F74 /* ViewViewController.swift in Sources */ = {isa = PBXBuildFile; fileRef = BE7B1BC31FA21FAF00B38F74 /* ViewViewController.swift */; };
		BE7B1BC71FA21FAF00B38F74 /* Main.storyboard in Resources */ = {isa = PBXBuildFile; fileRef = BE7B1BC51FA21FAF00B38F74 /* Main.storyboard */; };
		BE7B1BC91FA21FAF00B38F74 /* Assets.xcassets in Resources */ = {isa = PBXBuildFile; fileRef = BE7B1BC81FA21FAF00B38F74 /* Assets.xcassets */; };
		BE7B1BCC1FA21FAF00B38F74 /* LaunchScreen.storyboard in Resources */ = {isa = PBXBuildFile; fileRef = BE7B1BCA1FA21FAF00B38F74 /* LaunchScreen.storyboard */; };
		BE7B1BD91FA2231B00B38F74 /* CreativityViewController.swift in Sources */ = {isa = PBXBuildFile; fileRef = BE7B1BD81FA2231B00B38F74 /* CreativityViewController.swift */; };
		BE7B1BDF1FA2239900B38F74 /* DataController.swift in Sources */ = {isa = PBXBuildFile; fileRef = BE7B1BDE1FA2239900B38F74 /* DataController.swift */; };
		BE7B1BE11FA223C300B38F74 /* AbstractionViewController.swift in Sources */ = {isa = PBXBuildFile; fileRef = BE7B1BE01FA223C300B38F74 /* AbstractionViewController.swift */; };
		BE7B1BE31FA223E100B38F74 /* AlgorithmsViewController.swift in Sources */ = {isa = PBXBuildFile; fileRef = BE7B1BE21FA223E100B38F74 /* AlgorithmsViewController.swift */; };
		BE7B1BE51FA223F300B38F74 /* ProgrammingViewController.swift in Sources */ = {isa = PBXBuildFile; fileRef = BE7B1BE41FA223F300B38F74 /* ProgrammingViewController.swift */; };
		BE7B1BE71FA2240300B38F74 /* InternetViewController.swift in Sources */ = {isa = PBXBuildFile; fileRef = BE7B1BE61FA2240300B38F74 /* InternetViewController.swift */; };
		BE7B1BE91FA2241300B38F74 /* GlobalViewController.swift in Sources */ = {isa = PBXBuildFile; fileRef = BE7B1BE81FA2241300B38F74 /* GlobalViewController.swift */; };
		BEAA4A7A1FC32A4B002A183D /* ColorTools.swift in Sources */ = {isa = PBXBuildFile; fileRef = BEAA4A791FC32A4B002A183D /* ColorTools.swift */; };
		BEAA4A7C1FC32A63002A183D /* DebugDuck.swift in Sources */ = {isa = PBXBuildFile; fileRef = BEAA4A7B1FC32A63002A183D /* DebugDuck.swift */; };
		BEAA4A7E1FC32AC2002A183D /* Cleanable.swift in Sources */ = {isa = PBXBuildFile; fileRef = BEAA4A7D1FC32AC2002A183D /* Cleanable.swift */; };
		BECF03FC1FCEFFF0002D0F5A /* InternetMasterViewController.swift in Sources */ = {isa = PBXBuildFile; fileRef = BECF03FB1FCEFFF0002D0F5A /* InternetMasterViewController.swift */; };
		BECF04001FCF052B002D0F5A /* InternetDetailViewController.swift in Sources */ = {isa = PBXBuildFile; fileRef = BECF03FF1FCF052B002D0F5A /* InternetDetailViewController.swift */; };
		BECF04031FCF0B2C002D0F5A /* WebKit.framework in Frameworks */ = {isa = PBXBuildFile; fileRef = BECF04021FCF0B2C002D0F5A /* WebKit.framework */; };
/* End PBXBuildFile section */

/* Begin PBXFileReference section */
		BE7B1BBE1FA21FAF00B38F74 /* Cade_CSP.app */ = {isa = PBXFileReference; explicitFileType = wrapper.application; includeInIndex = 0; path = Cade_CSP.app; sourceTree = BUILT_PRODUCTS_DIR; };
		BE7B1BC11FA21FAF00B38F74 /* AppDelegate.swift */ = {isa = PBXFileReference; lastKnownFileType = sourcecode.swift; path = AppDelegate.swift; sourceTree = "<group>"; };
		BE7B1BC31FA21FAF00B38F74 /* ViewViewController.swift */ = {isa = PBXFileReference; lastKnownFileType = sourcecode.swift; path = ViewViewController.swift; sourceTree = "<group>"; };
		BE7B1BC61FA21FAF00B38F74 /* Base */ = {isa = PBXFileReference; lastKnownFileType = file.storyboard; name = Base; path = Base.lproj/Main.storyboard; sourceTree = "<group>"; };
		BE7B1BC81FA21FAF00B38F74 /* Assets.xcassets */ = {isa = PBXFileReference; lastKnownFileType = folder.assetcatalog; path = Assets.xcassets; sourceTree = "<group>"; };
		BE7B1BCB1FA21FAF00B38F74 /* Base */ = {isa = PBXFileReference; lastKnownFileType = file.storyboard; name = Base; path = Base.lproj/LaunchScreen.storyboard; sourceTree = "<group>"; };
		BE7B1BCD1FA21FAF00B38F74 /* Info.plist */ = {isa = PBXFileReference; lastKnownFileType = text.plist.xml; path = Info.plist; sourceTree = "<group>"; };
		BE7B1BD81FA2231B00B38F74 /* CreativityViewController.swift */ = {isa = PBXFileReference; lastKnownFileType = sourcecode.swift; path = CreativityViewController.swift; sourceTree = "<group>"; };
		BE7B1BDE1FA2239900B38F74 /* DataController.swift */ = {isa = PBXFileReference; lastKnownFileType = sourcecode.swift; path = DataController.swift; sourceTree = "<group>"; };
		BE7B1BE01FA223C300B38F74 /* AbstractionViewController.swift */ = {isa = PBXFileReference; lastKnownFileType = sourcecode.swift; path = AbstractionViewController.swift; sourceTree = "<group>"; };
		BE7B1BE21FA223E100B38F74 /* AlgorithmsViewController.swift */ = {isa = PBXFileReference; lastKnownFileType = sourcecode.swift; path = AlgorithmsViewController.swift; sourceTree = "<group>"; };
		BE7B1BE41FA223F300B38F74 /* ProgrammingViewController.swift */ = {isa = PBXFileReference; lastKnownFileType = sourcecode.swift; path = ProgrammingViewController.swift; sourceTree = "<group>"; };
		BE7B1BE61FA2240300B38F74 /* InternetViewController.swift */ = {isa = PBXFileReference; lastKnownFileType = sourcecode.swift; path = InternetViewController.swift; sourceTree = "<group>"; };
		BE7B1BE81FA2241300B38F74 /* GlobalViewController.swift */ = {isa = PBXFileReference; lastKnownFileType = sourcecode.swift; path = GlobalViewController.swift; sourceTree = "<group>"; };
		BEAA4A791FC32A4B002A183D /* ColorTools.swift */ = {isa = PBXFileReference; lastKnownFileType = sourcecode.swift; path = ColorTools.swift; sourceTree = "<group>"; };
		BEAA4A7B1FC32A63002A183D /* DebugDuck.swift */ = {isa = PBXFileReference; lastKnownFileType = sourcecode.swift; path = DebugDuck.swift; sourceTree = "<group>"; };
		BEAA4A7D1FC32AC2002A183D /* Cleanable.swift */ = {isa = PBXFileReference; lastKnownFileType = sourcecode.swift; path = Cleanable.swift; sourceTree = "<group>"; };
		BECF03FB1FCEFFF0002D0F5A /* InternetMasterViewController.swift */ = {isa = PBXFileReference; lastKnownFileType = sourcecode.swift; path = InternetMasterViewController.swift; sourceTree = "<group>"; };
		BECF03FF1FCF052B002D0F5A /* InternetDetailViewController.swift */ = {isa = PBXFileReference; lastKnownFileType = sourcecode.swift; path = InternetDetailViewController.swift; sourceTree = "<group>"; };
		BECF04021FCF0B2C002D0F5A /* WebKit.framework */ = {isa = PBXFileReference; lastKnownFileType = wrapper.framework; name = WebKit.framework; path = System/Library/Frameworks/WebKit.framework; sourceTree = SDKROOT; };
/* End PBXFileReference section */

/* Begin PBXFrameworksBuildPhase section */
		BE7B1BBB1FA21FAF00B38F74 /* Frameworks */ = {
			isa = PBXFrameworksBuildPhase;
			buildActionMask = 2147483647;
			files = (
				BECF04031FCF0B2C002D0F5A /* WebKit.framework in Frameworks */,
			);
			runOnlyForDeploymentPostprocessing = 0;
		};
/* End PBXFrameworksBuildPhase section */

/* Begin PBXGroup section */
		BE7B1BB51FA21FAF00B38F74 = {
			isa = PBXGroup;
			children = (
				BE7B1BC01FA21FAF00B38F74 /* Cade_CSP */,
				BE7B1BBF1FA21FAF00B38F74 /* Products */,
				BECF04011FCF0B2C002D0F5A /* Frameworks */,
			);
			sourceTree = "<group>";
		};
		BE7B1BBF1FA21FAF00B38F74 /* Products */ = {
			isa = PBXGroup;
			children = (
				BE7B1BBE1FA21FAF00B38F74 /* Cade_CSP.app */,
			);
			name = Products;
			sourceTree = "<group>";
		};
		BE7B1BC01FA21FAF00B38F74 /* Cade_CSP */ = {
			isa = PBXGroup;
			children = (
				BEAA4A761FC329A3002A183D /* Model */,
				BE7B1BD51FA220F900B38F74 /* Controller */,
				BE7B1BD61FA2211200B38F74 /* View */,
				BE7B1BD71FA2211E00B38F74 /* Resources */,
			);
			path = Cade_CSP;
			sourceTree = "<group>";
		};
		BE7B1BD51FA220F900B38F74 /* Controller */ = {
			isa = PBXGroup;
			children = (
				BE7B1BC11FA21FAF00B38F74 /* AppDelegate.swift */,
				BE7B1BDE1FA2239900B38F74 /* DataController.swift */,
				BE7B1BE61FA2240300B38F74 /* InternetViewController.swift */,
				BE7B1BC31FA21FAF00B38F74 /* ViewViewController.swift */,
				BE7B1BE81FA2241300B38F74 /* GlobalViewController.swift */,
				BE7B1BE01FA223C300B38F74 /* AbstractionViewController.swift */,
				BE7B1BD81FA2231B00B38F74 /* CreativityViewController.swift */,
				BE7B1BE41FA223F300B38F74 /* ProgrammingViewController.swift */,
				BE7B1BE21FA223E100B38F74 /* AlgorithmsViewController.swift */,
				BECF03FB1FCEFFF0002D0F5A /* InternetMasterViewController.swift */,
				BECF03FF1FCF052B002D0F5A /* InternetDetailViewController.swift */,
			);
			path = Controller;
			sourceTree = "<group>";
		};
		BE7B1BD61FA2211200B38F74 /* View */ = {
			isa = PBXGroup;
			children = (
				BE7B1BC51FA21FAF00B38F74 /* Main.storyboard */,
				BE7B1BCA1FA21FAF00B38F74 /* LaunchScreen.storyboard */,
			);
			path = View;
			sourceTree = "<group>";
		};
		BE7B1BD71FA2211E00B38F74 /* Resources */ = {
			isa = PBXGroup;
			children = (
				BE7B1BC81FA21FAF00B38F74 /* Assets.xcassets */,
				BE7B1BCD1FA21FAF00B38F74 /* Info.plist */,
			);
			path = Resources;
			sourceTree = "<group>";
		};
		BEAA4A761FC329A3002A183D /* Model */ = {
			isa = PBXGroup;
			children = (
				BEAA4A791FC32A4B002A183D /* ColorTools.swift */,
				BEAA4A7B1FC32A63002A183D /* DebugDuck.swift */,
				BEAA4A7D1FC32AC2002A183D /* Cleanable.swift */,
			);
			name = Model;
			sourceTree = "<group>";
		};
		BECF04011FCF0B2C002D0F5A /* Frameworks */ = {
			isa = PBXGroup;
			children = (
				BECF04021FCF0B2C002D0F5A /* WebKit.framework */,
			);
			name = Frameworks;
			sourceTree = "<group>";
		};
/* End PBXGroup section */

/* Begin PBXNativeTarget section */
		BE7B1BBD1FA21FAF00B38F74 /* Cade_CSP */ = {
			isa = PBXNativeTarget;
			buildConfigurationList = BE7B1BD01FA21FAF00B38F74 /* Build configuration list for PBXNativeTarget "Cade_CSP" */;
			buildPhases = (
				BE7B1BBA1FA21FAF00B38F74 /* Sources */,
				BE7B1BBB1FA21FAF00B38F74 /* Frameworks */,
				BE7B1BBC1FA21FAF00B38F74 /* Resources */,
			);
			buildRules = (
			);
			dependencies = (
			);
			name = Cade_CSP;
			productName = Cade_CSP;
			productReference = BE7B1BBE1FA21FAF00B38F74 /* Cade_CSP.app */;
			productType = "com.apple.product-type.application";
		};
/* End PBXNativeTarget section */

/* Begin PBXProject section */
		BE7B1BB61FA21FAF00B38F74 /* Project object */ = {
			isa = PBXProject;
			attributes = {
				LastSwiftUpdateCheck = 0900;
				LastUpgradeCheck = 0900;
				ORGANIZATIONNAME = CTEC;
				TargetAttributes = {
					BE7B1BBD1FA21FAF00B38F74 = {
						CreatedOnToolsVersion = 9.0;
						ProvisioningStyle = Automatic;
					};
				};
			};
			buildConfigurationList = BE7B1BB91FA21FAF00B38F74 /* Build configuration list for PBXProject "Cade_CSP" */;
			compatibilityVersion = "Xcode 8.0";
			developmentRegion = en;
			hasScannedForEncodings = 0;
			knownRegions = (
				en,
				Base,
			);
			mainGroup = BE7B1BB51FA21FAF00B38F74;
			productRefGroup = BE7B1BBF1FA21FAF00B38F74 /* Products */;
			projectDirPath = "";
			projectRoot = "";
			targets = (
				BE7B1BBD1FA21FAF00B38F74 /* Cade_CSP */,
			);
		};
/* End PBXProject section */

/* Begin PBXResourcesBuildPhase section */
		BE7B1BBC1FA21FAF00B38F74 /* Resources */ = {
			isa = PBXResourcesBuildPhase;
			buildActionMask = 2147483647;
			files = (
				BE7B1BCC1FA21FAF00B38F74 /* LaunchScreen.storyboard in Resources */,
				BE7B1BC91FA21FAF00B38F74 /* Assets.xcassets in Resources */,
				BE7B1BC71FA21FAF00B38F74 /* Main.storyboard in Resources */,
			);
			runOnlyForDeploymentPostprocessing = 0;
		};
/* End PBXResourcesBuildPhase section */

/* Begin PBXSourcesBuildPhase section */
		BE7B1BBA1FA21FAF00B38F74 /* Sources */ = {
			isa = PBXSourcesBuildPhase;
			buildActionMask = 2147483647;
			files = (
				BE7B1BE71FA2240300B38F74 /* InternetViewController.swift in Sources */,
				BEAA4A7E1FC32AC2002A183D /* Cleanable.swift in Sources */,
				BE7B1BE91FA2241300B38F74 /* GlobalViewController.swift in Sources */,
				BE7B1BE11FA223C300B38F74 /* AbstractionViewController.swift in Sources */,
				BECF03FC1FCEFFF0002D0F5A /* InternetMasterViewController.swift in Sources */,
				BE7B1BE51FA223F300B38F74 /* ProgrammingViewController.swift in Sources */,
				BECF04001FCF052B002D0F5A /* InternetDetailViewController.swift in Sources */,
				BE7B1BE31FA223E100B38F74 /* AlgorithmsViewController.swift in Sources */,
				BE7B1BD91FA2231B00B38F74 /* CreativityViewController.swift in Sources */,
				BE7B1BDF1FA2239900B38F74 /* DataController.swift in Sources */,
				BE7B1BC41FA21FAF00B38F74 /* ViewViewController.swift in Sources */,
				BE7B1BC21FA21FAF00B38F74 /* AppDelegate.swift in Sources */,
				BEAA4A7C1FC32A63002A183D /* DebugDuck.swift in Sources */,
				BEAA4A7A1FC32A4B002A183D /* ColorTools.swift in Sources */,
			);
			runOnlyForDeploymentPostprocessing = 0;
		};
/* End PBXSourcesBuildPhase section */

/* Begin PBXVariantGroup section */
		BE7B1BC51FA21FAF00B38F74 /* Main.storyboard */ = {
			isa = PBXVariantGroup;
			children = (
				BE7B1BC61FA21FAF00B38F74 /* Base */,
			);
			name = Main.storyboard;
			sourceTree = "<group>";
		};
		BE7B1BCA1FA21FAF00B38F74 /* LaunchScreen.storyboard */ = {
			isa = PBXVariantGroup;
			children = (
				BE7B1BCB1FA21FAF00B38F74 /* Base */,
			);
			name = LaunchScreen.storyboard;
			sourceTree = "<group>";
		};
/* End PBXVariantGroup section */

/* Begin XCBuildConfiguration section */
		BE7B1BCE1FA21FAF00B38F74 /* Debug */ = {
			isa = XCBuildConfiguration;
			buildSettings = {
				ALWAYS_SEARCH_USER_PATHS = NO;
				CLANG_ANALYZER_NONNULL = YES;
				CLANG_ANALYZER_NUMBER_OBJECT_CONVERSION = YES_AGGRESSIVE;
				CLANG_CXX_LANGUAGE_STANDARD = "gnu++14";
				CLANG_CXX_LIBRARY = "libc++";
				CLANG_ENABLE_MODULES = YES;
				CLANG_ENABLE_OBJC_ARC = YES;
				CLANG_WARN_BLOCK_CAPTURE_AUTORELEASING = YES;
				CLANG_WARN_BOOL_CONVERSION = YES;
				CLANG_WARN_COMMA = YES;
				CLANG_WARN_CONSTANT_CONVERSION = YES;
				CLANG_WARN_DIRECT_OBJC_ISA_USAGE = YES_ERROR;
				CLANG_WARN_DOCUMENTATION_COMMENTS = YES;
				CLANG_WARN_EMPTY_BODY = YES;
				CLANG_WARN_ENUM_CONVERSION = YES;
				CLANG_WARN_INFINITE_RECURSION = YES;
				CLANG_WARN_INT_CONVERSION = YES;
				CLANG_WARN_NON_LITERAL_NULL_CONVERSION = YES;
				CLANG_WARN_OBJC_LITERAL_CONVERSION = YES;
				CLANG_WARN_OBJC_ROOT_CLASS = YES_ERROR;
				CLANG_WARN_RANGE_LOOP_ANALYSIS = YES;
				CLANG_WARN_STRICT_PROTOTYPES = YES;
				CLANG_WARN_SUSPICIOUS_MOVE = YES;
				CLANG_WARN_UNGUARDED_AVAILABILITY = YES_AGGRESSIVE;
				CLANG_WARN_UNREACHABLE_CODE = YES;
				CLANG_WARN__DUPLICATE_METHOD_MATCH = YES;
				CODE_SIGN_IDENTITY = "iPhone Developer";
				COPY_PHASE_STRIP = NO;
				DEBUG_INFORMATION_FORMAT = dwarf;
				ENABLE_STRICT_OBJC_MSGSEND = YES;
				ENABLE_TESTABILITY = YES;
				GCC_C_LANGUAGE_STANDARD = gnu11;
				GCC_DYNAMIC_NO_PIC = NO;
				GCC_NO_COMMON_BLOCKS = YES;
				GCC_OPTIMIZATION_LEVEL = 0;
				GCC_PREPROCESSOR_DEFINITIONS = (
					"DEBUG=1",
					"$(inherited)",
				);
				GCC_WARN_64_TO_32_BIT_CONVERSION = YES;
				GCC_WARN_ABOUT_RETURN_TYPE = YES_ERROR;
				GCC_WARN_UNDECLARED_SELECTOR = YES;
				GCC_WARN_UNINITIALIZED_AUTOS = YES_AGGRESSIVE;
				GCC_WARN_UNUSED_FUNCTION = YES;
				GCC_WARN_UNUSED_VARIABLE = YES;
				IPHONEOS_DEPLOYMENT_TARGET = 11.0;
				MTL_ENABLE_DEBUG_INFO = YES;
				ONLY_ACTIVE_ARCH = YES;
				SDKROOT = iphoneos;
				SWIFT_ACTIVE_COMPILATION_CONDITIONS = DEBUG;
				SWIFT_OPTIMIZATION_LEVEL = "-Onone";
			};
			name = Debug;
		};
		BE7B1BCF1FA21FAF00B38F74 /* Release */ = {
			isa = XCBuildConfiguration;
			buildSettings = {
				ALWAYS_SEARCH_USER_PATHS = NO;
				CLANG_ANALYZER_NONNULL = YES;
				CLANG_ANALYZER_NUMBER_OBJECT_CONVERSION = YES_AGGRESSIVE;
				CLANG_CXX_LANGUAGE_STANDARD = "gnu++14";
				CLANG_CXX_LIBRARY = "libc++";
				CLANG_ENABLE_MODULES = YES;
				CLANG_ENABLE_OBJC_ARC = YES;
				CLANG_WARN_BLOCK_CAPTURE_AUTORELEASING = YES;
				CLANG_WARN_BOOL_CONVERSION = YES;
				CLANG_WARN_COMMA = YES;
				CLANG_WARN_CONSTANT_CONVERSION = YES;
				CLANG_WARN_DIRECT_OBJC_ISA_USAGE = YES_ERROR;
				CLANG_WARN_DOCUMENTATION_COMMENTS = YES;
				CLANG_WARN_EMPTY_BODY = YES;
				CLANG_WARN_ENUM_CONVERSION = YES;
				CLANG_WARN_INFINITE_RECURSION = YES;
				CLANG_WARN_INT_CONVERSION = YES;
				CLANG_WARN_NON_LITERAL_NULL_CONVERSION = YES;
				CLANG_WARN_OBJC_LITERAL_CONVERSION = YES;
				CLANG_WARN_OBJC_ROOT_CLASS = YES_ERROR;
				CLANG_WARN_RANGE_LOOP_ANALYSIS = YES;
				CLANG_WARN_STRICT_PROTOTYPES = YES;
				CLANG_WARN_SUSPICIOUS_MOVE = YES;
				CLANG_WARN_UNGUARDED_AVAILABILITY = YES_AGGRESSIVE;
				CLANG_WARN_UNREACHABLE_CODE = YES;
				CLANG_WARN__DUPLICATE_METHOD_MATCH = YES;
				CODE_SIGN_IDENTITY = "iPhone Developer";
				COPY_PHASE_STRIP = NO;
				DEBUG_INFORMATION_FORMAT = "dwarf-with-dsym";
				ENABLE_NS_ASSERTIONS = NO;
				ENABLE_STRICT_OBJC_MSGSEND = YES;
				GCC_C_LANGUAGE_STANDARD = gnu11;
				GCC_NO_COMMON_BLOCKS = YES;
				GCC_WARN_64_TO_32_BIT_CONVERSION = YES;
				GCC_WARN_ABOUT_RETURN_TYPE = YES_ERROR;
				GCC_WARN_UNDECLARED_SELECTOR = YES;
				GCC_WARN_UNINITIALIZED_AUTOS = YES_AGGRESSIVE;
				GCC_WARN_UNUSED_FUNCTION = YES;
				GCC_WARN_UNUSED_VARIABLE = YES;
				IPHONEOS_DEPLOYMENT_TARGET = 11.0;
				MTL_ENABLE_DEBUG_INFO = NO;
				SDKROOT = iphoneos;
				SWIFT_OPTIMIZATION_LEVEL = "-Owholemodule";
				VALIDATE_PRODUCT = YES;
			};
			name = Release;
		};
		BE7B1BD11FA21FAF00B38F74 /* Debug */ = {
			isa = XCBuildConfiguration;
			buildSettings = {
				ASSETCATALOG_COMPILER_APPICON_NAME = AppIcon;
				CODE_SIGN_STYLE = Automatic;
				INFOPLIST_FILE = Cade_CSP/Info.plist;
				LD_RUNPATH_SEARCH_PATHS = "$(inherited) @executable_path/Frameworks";
				PRODUCT_BUNDLE_IDENTIFIER = "CTEC.CadeBarnes-CSP";
				PRODUCT_NAME = "$(TARGET_NAME)";
				SWIFT_VERSION = 4.0;
				TARGETED_DEVICE_FAMILY = "1,2";
			};
			name = Debug;
		};
		BE7B1BD21FA21FAF00B38F74 /* Release */ = {
			isa = XCBuildConfiguration;
			buildSettings = {
				ASSETCATALOG_COMPILER_APPICON_NAME = AppIcon;
				CODE_SIGN_STYLE = Automatic;
				INFOPLIST_FILE = Cade_CSP/Info.plist;
				LD_RUNPATH_SEARCH_PATHS = "$(inherited) @executable_path/Frameworks";
				PRODUCT_BUNDLE_IDENTIFIER = "CTEC.CadeBarnes-CSP";
				PRODUCT_NAME = "$(TARGET_NAME)";
				SWIFT_VERSION = 4.0;
				TARGETED_DEVICE_FAMILY = "1,2";
			};
			name = Release;
		};
/* End XCBuildConfiguration section */

/* Begin XCConfigurationList section */
		BE7B1BB91FA21FAF00B38F74 /* Build configuration list for PBXProject "Cade_CSP" */ = {
			isa = XCConfigurationList;
			buildConfigurations = (
				BE7B1BCE1FA21FAF00B38F74 /* Debug */,
				BE7B1BCF1FA21FAF00B38F74 /* Release */,
			);
			defaultConfigurationIsVisible = 0;
			defaultConfigurationName = Release;
		};
		BE7B1BD01FA21FAF00B38F74 /* Build configuration list for PBXNativeTarget "Cade_CSP" */ = {
			isa = XCConfigurationList;
			buildConfigurations = (
				BE7B1BD11FA21FAF00B38F74 /* Debug */,
				BE7B1BD21FA21FAF00B38F74 /* Release */,
			);
			defaultConfigurationIsVisible = 0;
			defaultConfigurationName = Release;
		};
/* End XCConfigurationList section */
	};
	rootObject = BE7B1BB61FA21FAF00B38F74 /* Project object */;
}
